
Microsoft Visual Studio Solution File, Format Version 12.00
# Visual Studio Version 17
VisualStudioVersion = 17.12.35521.163
MinimumVisualStudioVersion = 10.0.40219.1
Project("{FAE04EC0-301F-11D3-BF4B-00C04F79EFBC}") = "Coreeple.Zigana.Gateway", "sample\src\Coreeple.Zigana.Gateway\Coreeple.Zigana.Gateway.csproj", "{F29A723E-A9A3-42C0-97A4-1A459F8DC0ED}"
EndProject
Project("{FAE04EC0-301F-11D3-BF4B-00C04F79EFBC}") = "Coreeple.Zigana.Core", "src\Coreeple.Zigana.Core\Coreeple.Zigana.Core.csproj", "{F834F390-24D1-4F43-8FBC-0883A0198DAD}"
EndProject
Project("{E53339B2-1760-4266-BCC7-CA923CBCF16C}") = "docker-compose", "sample\docker-compose.dcproj", "{91EDBAA3-BF1A-46B8-8BCC-1994F9924229}"
EndProject
Project("{FAE04EC0-301F-11D3-BF4B-00C04F79EFBC}") = "Coreeple.Zigana.Data", "src\Coreeple.Zigana.Data\Coreeple.Zigana.Data.csproj", "{21D7D5DA-E55A-4DB4-9525-0700EB20D685}"
EndProject
Project("{FAE04EC0-301F-11D3-BF4B-00C04F79EFBC}") = "Coreeple.Zigana.Data.Postgresql", "src\Coreeple.Zigana.Data.Postgresql\Coreeple.Zigana.Data.Postgresql.csproj", "{DECA3A8E-8A88-4108-BFC5-A8A397979575}"
EndProject
Project("{FAE04EC0-301F-11D3-BF4B-00C04F79EFBC}") = "Coreeple.Zigana.AspNet", "src\Coreeple.Zigana.AspNet\Coreeple.Zigana.AspNet.csproj", "{735E20DC-BFDA-4180-96C4-1F47EF73320A}"
EndProject
Project("{FAE04EC0-301F-11D3-BF4B-00C04F79EFBC}") = "Coreeple.Zigana.Services", "src\Coreeple.Zigana.Services\Coreeple.Zigana.Services.csproj", "{AF62AE91-7861-4676-9680-5451BFB5B110}"
EndProject
Project("{FAE04EC0-301F-11D3-BF4B-00C04F79EFBC}") = "Coreeple.Zigana.EndpointProcessor", "src\Coreeple.Zigana.EndpointProcessor\Coreeple.Zigana.EndpointProcessor.csproj", "{81CEBC00-D06E-4A2F-92EC-1722964D3710}"
EndProject
Project("{2150E333-8FDC-42A3-9474-1A3956D46DE8}") = "src", "src", "{6CB9ED97-49C3-465C-9B31-198C9E302AD0}"
EndProject
Project("{2150E333-8FDC-42A3-9474-1A3956D46DE8}") = "sample", "sample", "{022FE70B-6FA5-4A2A-939A-C4D4DDD32D36}"
EndProject
Project("{2150E333-8FDC-42A3-9474-1A3956D46DE8}") = "src", "src", "{DB80405F-5D24-4630-A5FA-A1FB5FBD21ED}"
EndProject
Global
	GlobalSection(SolutionConfigurationPlatforms) = preSolution
		Debug|Any CPU = Debug|Any CPU
		Release|Any CPU = Release|Any CPU
	EndGlobalSection
	GlobalSection(ProjectConfigurationPlatforms) = postSolution
		{F29A723E-A9A3-42C0-97A4-1A459F8DC0ED}.Debug|Any CPU.ActiveCfg = Debug|Any CPU
		{F29A723E-A9A3-42C0-97A4-1A459F8DC0ED}.Debug|Any CPU.Build.0 = Debug|Any CPU
		{F29A723E-A9A3-42C0-97A4-1A459F8DC0ED}.Release|Any CPU.ActiveCfg = Release|Any CPU
		{F29A723E-A9A3-42C0-97A4-1A459F8DC0ED}.Release|Any CPU.Build.0 = Release|Any CPU
		{F834F390-24D1-4F43-8FBC-0883A0198DAD}.Debug|Any CPU.ActiveCfg = Debug|Any CPU
		{F834F390-24D1-4F43-8FBC-0883A0198DAD}.Debug|Any CPU.Build.0 = Debug|Any CPU
		{F834F390-24D1-4F43-8FBC-0883A0198DAD}.Release|Any CPU.ActiveCfg = Release|Any CPU
		{F834F390-24D1-4F43-8FBC-0883A0198DAD}.Release|Any CPU.Build.0 = Release|Any CPU
		{91EDBAA3-BF1A-46B8-8BCC-1994F9924229}.Debug|Any CPU.ActiveCfg = Debug|Any CPU
		{91EDBAA3-BF1A-46B8-8BCC-1994F9924229}.Debug|Any CPU.Build.0 = Debug|Any CPU
		{91EDBAA3-BF1A-46B8-8BCC-1994F9924229}.Release|Any CPU.ActiveCfg = Release|Any CPU
		{91EDBAA3-BF1A-46B8-8BCC-1994F9924229}.Release|Any CPU.Build.0 = Release|Any CPU
		{21D7D5DA-E55A-4DB4-9525-0700EB20D685}.Debug|Any CPU.ActiveCfg = Debug|Any CPU
		{21D7D5DA-E55A-4DB4-9525-0700EB20D685}.Debug|Any CPU.Build.0 = Debug|Any CPU
		{21D7D5DA-E55A-4DB4-9525-0700EB20D685}.Release|Any CPU.ActiveCfg = Release|Any CPU
		{21D7D5DA-E55A-4DB4-9525-0700EB20D685}.Release|Any CPU.Build.0 = Release|Any CPU
		{DECA3A8E-8A88-4108-BFC5-A8A397979575}.Debug|Any CPU.ActiveCfg = Debug|Any CPU
		{DECA3A8E-8A88-4108-BFC5-A8A397979575}.Debug|Any CPU.Build.0 = Debug|Any CPU
		{DECA3A8E-8A88-4108-BFC5-A8A397979575}.Release|Any CPU.ActiveCfg = Release|Any CPU
		{DECA3A8E-8A88-4108-BFC5-A8A397979575}.Release|Any CPU.Build.0 = Release|Any CPU
		{735E20DC-BFDA-4180-96C4-1F47EF73320A}.Debug|Any CPU.ActiveCfg = Debug|Any CPU
		{735E20DC-BFDA-4180-96C4-1F47EF73320A}.Debug|Any CPU.Build.0 = Debug|Any CPU
		{735E20DC-BFDA-4180-96C4-1F47EF73320A}.Release|Any CPU.ActiveCfg = Release|Any CPU
		{735E20DC-BFDA-4180-96C4-1F47EF73320A}.Release|Any CPU.Build.0 = Release|Any CPU
		{AF62AE91-7861-4676-9680-5451BFB5B110}.Debug|Any CPU.ActiveCfg = Debug|Any CPU
		{AF62AE91-7861-4676-9680-5451BFB5B110}.Debug|Any CPU.Build.0 = Debug|Any CPU
		{AF62AE91-7861-4676-9680-5451BFB5B110}.Release|Any CPU.ActiveCfg = Release|Any CPU
		{AF62AE91-7861-4676-9680-5451BFB5B110}.Release|Any CPU.Build.0 = Release|Any CPU
		{81CEBC00-D06E-4A2F-92EC-1722964D3710}.Debug|Any CPU.ActiveCfg = Debug|Any CPU
		{81CEBC00-D06E-4A2F-92EC-1722964D3710}.Debug|Any CPU.Build.0 = Debug|Any CPU
		{81CEBC00-D06E-4A2F-92EC-1722964D3710}.Release|Any CPU.ActiveCfg = Release|Any CPU
		{81CEBC00-D06E-4A2F-92EC-1722964D3710}.Release|Any CPU.Build.0 = Release|Any CPU
	EndGlobalSection
	GlobalSection(SolutionProperties) = preSolution
		HideSolutionNode = FALSE
	EndGlobalSection
	GlobalSection(NestedProjects) = preSolution
		{F29A723E-A9A3-42C0-97A4-1A459F8DC0ED} = {DB80405F-5D24-4630-A5FA-A1FB5FBD21ED}
		{F834F390-24D1-4F43-8FBC-0883A0198DAD} = {6CB9ED97-49C3-465C-9B31-198C9E302AD0}
		{91EDBAA3-BF1A-46B8-8BCC-1994F9924229} = {022FE70B-6FA5-4A2A-939A-C4D4DDD32D36}
		{21D7D5DA-E55A-4DB4-9525-0700EB20D685} = {6CB9ED97-49C3-465C-9B31-198C9E302AD0}
		{DECA3A8E-8A88-4108-BFC5-A8A397979575} = {6CB9ED97-49C3-465C-9B31-198C9E302AD0}
		{735E20DC-BFDA-4180-96C4-1F47EF73320A} = {6CB9ED97-49C3-465C-9B31-198C9E302AD0}
		{AF62AE91-7861-4676-9680-5451BFB5B110} = {6CB9ED97-49C3-465C-9B31-198C9E302AD0}
		{81CEBC00-D06E-4A2F-92EC-1722964D3710} = {6CB9ED97-49C3-465C-9B31-198C9E302AD0}
		{DB80405F-5D24-4630-A5FA-A1FB5FBD21ED} = {022FE70B-6FA5-4A2A-939A-C4D4DDD32D36}
	EndGlobalSection
EndGlobal
